// !$*UTF8*$!
{
	archiveVersion = 1;
	classes = {
	};
	objectVersion = 46;
	objects = {

/* Begin PBXBuildFile section */
		900E34F1189D2A3700A943B8 /* PocketRocketBoardColumn.m in Sources */ = {isa = PBXBuildFile; fileRef = 900E34F0189D2A3700A943B8 /* PocketRocketBoardColumn.m */; };
		906BEB71189C8394002D27DA /* Foundation.framework in Frameworks */ = {isa = PBXBuildFile; fileRef = 906BEB70189C8394002D27DA /* Foundation.framework */; };
		906BEB73189C8394002D27DA /* CoreGraphics.framework in Frameworks */ = {isa = PBXBuildFile; fileRef = 906BEB72189C8394002D27DA /* CoreGraphics.framework */; };
		906BEB75189C8394002D27DA /* UIKit.framework in Frameworks */ = {isa = PBXBuildFile; fileRef = 906BEB74189C8394002D27DA /* UIKit.framework */; };
		906BEB7B189C8394002D27DA /* InfoPlist.strings in Resources */ = {isa = PBXBuildFile; fileRef = 906BEB79189C8394002D27DA /* InfoPlist.strings */; };
		906BEB7D189C8394002D27DA /* main.m in Sources */ = {isa = PBXBuildFile; fileRef = 906BEB7C189C8394002D27DA /* main.m */; };
		906BEB81189C8394002D27DA /* AppDelegate.m in Sources */ = {isa = PBXBuildFile; fileRef = 906BEB80189C8394002D27DA /* AppDelegate.m */; };
		906BEB84189C8394002D27DA /* Main.storyboard in Resources */ = {isa = PBXBuildFile; fileRef = 906BEB82189C8394002D27DA /* Main.storyboard */; };
		906BEB87189C8394002D27DA /* PocketRocketStartViewController.m in Sources */ = {isa = PBXBuildFile; fileRef = 906BEB86189C8394002D27DA /* PocketRocketStartViewController.m */; };
		906BEB89189C8394002D27DA /* Images.xcassets in Resources */ = {isa = PBXBuildFile; fileRef = 906BEB88189C8394002D27DA /* Images.xcassets */; };
		906BEBA7189C87F5002D27DA /* PocketRocketMainViewController.m in Sources */ = {isa = PBXBuildFile; fileRef = 906BEBA6189C87F5002D27DA /* PocketRocketMainViewController.m */; };
		906BEBAE189CA465002D27DA /* PocketRocketBoardTile.m in Sources */ = {isa = PBXBuildFile; fileRef = 906BEBAD189CA465002D27DA /* PocketRocketBoardTile.m */; };
		906BEBB1189CB203002D27DA /* PocketRocketBoard.m in Sources */ = {isa = PBXBuildFile; fileRef = 906BEBB0189CB203002D27DA /* PocketRocketBoard.m */; };
/* End PBXBuildFile section */

/* Begin PBXFileReference section */
		900E34EF189D2A3700A943B8 /* PocketRocketBoardColumn.h */ = {isa = PBXFileReference; fileEncoding = 4; lastKnownFileType = sourcecode.c.h; path = PocketRocketBoardColumn.h; sourceTree = "<group>"; };
		900E34F0189D2A3700A943B8 /* PocketRocketBoardColumn.m */ = {isa = PBXFileReference; fileEncoding = 4; lastKnownFileType = sourcecode.c.objc; path = PocketRocketBoardColumn.m; sourceTree = "<group>"; };
		906BEB6D189C8394002D27DA /* Rocket!.app */ = {isa = PBXFileReference; explicitFileType = wrapper.application; includeInIndex = 0; path = "Rocket!.app"; sourceTree = BUILT_PRODUCTS_DIR; };
		906BEB70189C8394002D27DA /* Foundation.framework */ = {isa = PBXFileReference; lastKnownFileType = wrapper.framework; name = Foundation.framework; path = System/Library/Frameworks/Foundation.framework; sourceTree = SDKROOT; };
		906BEB72189C8394002D27DA /* CoreGraphics.framework */ = {isa = PBXFileReference; lastKnownFileType = wrapper.framework; name = CoreGraphics.framework; path = System/Library/Frameworks/CoreGraphics.framework; sourceTree = SDKROOT; };
		906BEB74189C8394002D27DA /* UIKit.framework */ = {isa = PBXFileReference; lastKnownFileType = wrapper.framework; name = UIKit.framework; path = System/Library/Frameworks/UIKit.framework; sourceTree = SDKROOT; };
		906BEB78189C8394002D27DA /* Pocket Rocket-Info.plist */ = {isa = PBXFileReference; lastKnownFileType = text.plist.xml; path = "Pocket Rocket-Info.plist"; sourceTree = "<group>"; };
		906BEB7A189C8394002D27DA /* en */ = {isa = PBXFileReference; lastKnownFileType = text.plist.strings; name = en; path = en.lproj/InfoPlist.strings; sourceTree = "<group>"; };
		906BEB7C189C8394002D27DA /* main.m */ = {isa = PBXFileReference; lastKnownFileType = sourcecode.c.objc; path = main.m; sourceTree = "<group>"; };
		906BEB7E189C8394002D27DA /* Pocket Rocket-Prefix.pch */ = {isa = PBXFileReference; lastKnownFileType = sourcecode.c.h; path = "Pocket Rocket-Prefix.pch"; sourceTree = "<group>"; };
		906BEB7F189C8394002D27DA /* AppDelegate.h */ = {isa = PBXFileReference; lastKnownFileType = sourcecode.c.h; path = AppDelegate.h; sourceTree = "<group>"; };
		906BEB80189C8394002D27DA /* AppDelegate.m */ = {isa = PBXFileReference; lastKnownFileType = sourcecode.c.objc; path = AppDelegate.m; sourceTree = "<group>"; };
		906BEB83189C8394002D27DA /* Base */ = {isa = PBXFileReference; lastKnownFileType = file.storyboard; name = Base; path = Base.lproj/Main.storyboard; sourceTree = "<group>"; };
		906BEB85189C8394002D27DA /* PocketRocketStartViewController.h */ = {isa = PBXFileReference; lastKnownFileType = sourcecode.c.h; path = PocketRocketStartViewController.h; sourceTree = "<group>"; };
		906BEB86189C8394002D27DA /* PocketRocketStartViewController.m */ = {isa = PBXFileReference; lastKnownFileType = sourcecode.c.objc; path = PocketRocketStartViewController.m; sourceTree = "<group>"; };
		906BEB88189C8394002D27DA /* Images.xcassets */ = {isa = PBXFileReference; lastKnownFileType = folder.assetcatalog; path = Images.xcassets; sourceTree = "<group>"; };
		906BEB8F189C8394002D27DA /* XCTest.framework */ = {isa = PBXFileReference; lastKnownFileType = wrapper.framework; name = XCTest.framework; path = Library/Frameworks/XCTest.framework; sourceTree = DEVELOPER_DIR; };
		906BEBA5189C87F5002D27DA /* PocketRocketMainViewController.h */ = {isa = PBXFileReference; fileEncoding = 4; lastKnownFileType = sourcecode.c.h; path = PocketRocketMainViewController.h; sourceTree = "<group>"; };
		906BEBA6189C87F5002D27DA /* PocketRocketMainViewController.m */ = {isa = PBXFileReference; fileEncoding = 4; lastKnownFileType = sourcecode.c.objc; path = PocketRocketMainViewController.m; sourceTree = "<group>"; };
		906BEBAC189CA465002D27DA /* PocketRocketBoardTile.h */ = {isa = PBXFileReference; fileEncoding = 4; lastKnownFileType = sourcecode.c.h; path = PocketRocketBoardTile.h; sourceTree = "<group>"; };
		906BEBAD189CA465002D27DA /* PocketRocketBoardTile.m */ = {isa = PBXFileReference; fileEncoding = 4; lastKnownFileType = sourcecode.c.objc; path = PocketRocketBoardTile.m; sourceTree = "<group>"; };
		906BEBAF189CB203002D27DA /* PocketRocketBoard.h */ = {isa = PBXFileReference; fileEncoding = 4; lastKnownFileType = sourcecode.c.h; path = PocketRocketBoard.h; sourceTree = "<group>"; };
		906BEBB0189CB203002D27DA /* PocketRocketBoard.m */ = {isa = PBXFileReference; fileEncoding = 4; lastKnownFileType = sourcecode.c.objc; path = PocketRocketBoard.m; sourceTree = "<group>"; };
/* End PBXFileReference section */

/* Begin PBXFrameworksBuildPhase section */
		906BEB6A189C8394002D27DA /* Frameworks */ = {
			isa = PBXFrameworksBuildPhase;
			buildActionMask = 2147483647;
			files = (
				906BEB73189C8394002D27DA /* CoreGraphics.framework in Frameworks */,
				906BEB75189C8394002D27DA /* UIKit.framework in Frameworks */,
				906BEB71189C8394002D27DA /* Foundation.framework in Frameworks */,
			);
			runOnlyForDeploymentPostprocessing = 0;
		};
/* End PBXFrameworksBuildPhase section */

/* Begin PBXGroup section */
		906BEB64189C8394002D27DA = {
			isa = PBXGroup;
			children = (
				906BEB76189C8394002D27DA /* PocketRocket */,
				906BEB6F189C8394002D27DA /* Frameworks */,
				906BEB6E189C8394002D27DA /* Products */,
			);
			sourceTree = "<group>";
		};
		906BEB6E189C8394002D27DA /* Products */ = {
			isa = PBXGroup;
			children = (
				906BEB6D189C8394002D27DA /* Rocket!.app */,
			);
			name = Products;
			sourceTree = "<group>";
		};
		906BEB6F189C8394002D27DA /* Frameworks */ = {
			isa = PBXGroup;
			children = (
				906BEB70189C8394002D27DA /* Foundation.framework */,
				906BEB72189C8394002D27DA /* CoreGraphics.framework */,
				906BEB74189C8394002D27DA /* UIKit.framework */,
				906BEB8F189C8394002D27DA /* XCTest.framework */,
			);
			name = Frameworks;
			sourceTree = "<group>";
		};
		906BEB76189C8394002D27DA /* PocketRocket */ = {
			isa = PBXGroup;
			children = (
				906BEB7F189C8394002D27DA /* AppDelegate.h */,
				906BEB80189C8394002D27DA /* AppDelegate.m */,
				906BEB82189C8394002D27DA /* Main.storyboard */,
				906BEB85189C8394002D27DA /* PocketRocketStartViewController.h */,
				906BEB86189C8394002D27DA /* PocketRocketStartViewController.m */,
				906BEBA5189C87F5002D27DA /* PocketRocketMainViewController.h */,
				906BEBA6189C87F5002D27DA /* PocketRocketMainViewController.m */,
				906BEBAF189CB203002D27DA /* PocketRocketBoard.h */,
				906BEBB0189CB203002D27DA /* PocketRocketBoard.m */,
				900E34EF189D2A3700A943B8 /* PocketRocketBoardColumn.h */,
				900E34F0189D2A3700A943B8 /* PocketRocketBoardColumn.m */,
				906BEBAC189CA465002D27DA /* PocketRocketBoardTile.h */,
				906BEBAD189CA465002D27DA /* PocketRocketBoardTile.m */,
				906BEB88189C8394002D27DA /* Images.xcassets */,
				906BEB77189C8394002D27DA /* Supporting Files */,
			);
			path = PocketRocket;
			sourceTree = "<group>";
		};
		906BEB77189C8394002D27DA /* Supporting Files */ = {
			isa = PBXGroup;
			children = (
				906BEB78189C8394002D27DA /* Pocket Rocket-Info.plist */,
				906BEB79189C8394002D27DA /* InfoPlist.strings */,
				906BEB7C189C8394002D27DA /* main.m */,
				906BEB7E189C8394002D27DA /* Pocket Rocket-Prefix.pch */,
			);
			name = "Supporting Files";
			sourceTree = "<group>";
		};
/* End PBXGroup section */

/* Begin PBXNativeTarget section */
		906BEB6C189C8394002D27DA /* Pocket Rocket */ = {
			isa = PBXNativeTarget;
			buildConfigurationList = 906BEB9F189C8394002D27DA /* Build configuration list for PBXNativeTarget "Pocket Rocket" */;
			buildPhases = (
				906BEB69189C8394002D27DA /* Sources */,
				906BEB6A189C8394002D27DA /* Frameworks */,
				906BEB6B189C8394002D27DA /* Resources */,
			);
			buildRules = (
			);
			dependencies = (
			);
			name = "Pocket Rocket";
			productName = TileGame;
			productReference = 906BEB6D189C8394002D27DA /* Rocket!.app */;
			productType = "com.apple.product-type.application";
		};
/* End PBXNativeTarget section */

/* Begin PBXProject section */
		906BEB65189C8394002D27DA /* Project object */ = {
			isa = PBXProject;
			attributes = {
				LastUpgradeCheck = 0500;
				ORGANIZATIONNAME = InvaderTim;
			};
			buildConfigurationList = 906BEB68189C8394002D27DA /* Build configuration list for PBXProject "Pocket Rocket" */;
			compatibilityVersion = "Xcode 3.2";
			developmentRegion = English;
			hasScannedForEncodings = 0;
			knownRegions = (
				en,
				Base,
			);
			mainGroup = 906BEB64189C8394002D27DA;
			productRefGroup = 906BEB6E189C8394002D27DA /* Products */;
			projectDirPath = "";
			projectRoot = "";
			targets = (
				906BEB6C189C8394002D27DA /* Pocket Rocket */,
			);
		};
/* End PBXProject section */

/* Begin PBXResourcesBuildPhase section */
		906BEB6B189C8394002D27DA /* Resources */ = {
			isa = PBXResourcesBuildPhase;
			buildActionMask = 2147483647;
			files = (
				906BEB89189C8394002D27DA /* Images.xcassets in Resources */,
				906BEB7B189C8394002D27DA /* InfoPlist.strings in Resources */,
				906BEB84189C8394002D27DA /* Main.storyboard in Resources */,
			);
			runOnlyForDeploymentPostprocessing = 0;
		};
/* End PBXResourcesBuildPhase section */

/* Begin PBXSourcesBuildPhase section */
		906BEB69189C8394002D27DA /* Sources */ = {
			isa = PBXSourcesBuildPhase;
			buildActionMask = 2147483647;
			files = (
				906BEB87189C8394002D27DA /* PocketRocketStartViewController.m in Sources */,
				900E34F1189D2A3700A943B8 /* PocketRocketBoardColumn.m in Sources */,
				906BEBB1189CB203002D27DA /* PocketRocketBoard.m in Sources */,
				906BEB81189C8394002D27DA /* AppDelegate.m in Sources */,
				906BEB7D189C8394002D27DA /* main.m in Sources */,
				906BEBAE189CA465002D27DA /* PocketRocketBoardTile.m in Sources */,
				906BEBA7189C87F5002D27DA /* PocketRocketMainViewController.m in Sources */,
			);
			runOnlyForDeploymentPostprocessing = 0;
		};
/* End PBXSourcesBuildPhase section */

/* Begin PBXVariantGroup section */
		906BEB79189C8394002D27DA /* InfoPlist.strings */ = {
			isa = PBXVariantGroup;
			children = (
				906BEB7A189C8394002D27DA /* en */,
			);
			name = InfoPlist.strings;
			sourceTree = "<group>";
		};
		906BEB82189C8394002D27DA /* Main.storyboard */ = {
			isa = PBXVariantGroup;
			children = (
				906BEB83189C8394002D27DA /* Base */,
			);
			name = Main.storyboard;
			sourceTree = "<group>";
		};
/* End PBXVariantGroup section */

/* Begin XCBuildConfiguration section */
		906BEB9D189C8394002D27DA /* Debug */ = {
			isa = XCBuildConfiguration;
			buildSettings = {
				ALWAYS_SEARCH_USER_PATHS = NO;
				ARCHS = "$(ARCHS_STANDARD_INCLUDING_64_BIT)";
				CLANG_CXX_LANGUAGE_STANDARD = "gnu++0x";
				CLANG_CXX_LIBRARY = "libc++";
				CLANG_ENABLE_MODULES = YES;
				CLANG_ENABLE_OBJC_ARC = YES;
				CLANG_WARN_BOOL_CONVERSION = YES;
				CLANG_WARN_CONSTANT_CONVERSION = YES;
				CLANG_WARN_DIRECT_OBJC_ISA_USAGE = YES_ERROR;
				CLANG_WARN_EMPTY_BODY = YES;
				CLANG_WARN_ENUM_CONVERSION = YES;
				CLANG_WARN_INT_CONVERSION = YES;
				CLANG_WARN_OBJC_ROOT_CLASS = YES_ERROR;
				CLANG_WARN__DUPLICATE_METHOD_MATCH = YES;
				"CODE_SIGN_IDENTITY[sdk=iphoneos*]" = "iPhone Developer";
				COPY_PHASE_STRIP = NO;
				GCC_C_LANGUAGE_STANDARD = gnu99;
				GCC_DYNAMIC_NO_PIC = NO;
				GCC_OPTIMIZATION_LEVEL = 0;
				GCC_PREPROCESSOR_DEFINITIONS = (
					"DEBUG=1",
					"$(inherited)",
				);
				GCC_SYMBOLS_PRIVATE_EXTERN = NO;
				GCC_WARN_64_TO_32_BIT_CONVERSION = YES;
				GCC_WARN_ABOUT_RETURN_TYPE = YES_ERROR;
				GCC_WARN_UNDECLARED_SELECTOR = YES;
				GCC_WARN_UNINITIALIZED_AUTOS = YES;
				GCC_WARN_UNUSED_FUNCTION = YES;
				GCC_WARN_UNUSED_VARIABLE = YES;
				IPHONEOS_DEPLOYMENT_TARGET = 7.0;
				ONLY_ACTIVE_ARCH = YES;
				SDKROOT = iphoneos;
			};
			name = Debug;
		};
		906BEB9E189C8394002D27DA /* Release */ = {
			isa = XCBuildConfiguration;
			buildSettings = {
				ALWAYS_SEARCH_USER_PATHS = NO;
				ARCHS = "$(ARCHS_STANDARD_INCLUDING_64_BIT)";
				CLANG_CXX_LANGUAGE_STANDARD = "gnu++0x";
				CLANG_CXX_LIBRARY = "libc++";
				CLANG_ENABLE_MODULES = YES;
				CLANG_ENABLE_OBJC_ARC = YES;
				CLANG_WARN_BOOL_CONVERSION = YES;
				CLANG_WARN_CONSTANT_CONVERSION = YES;
				CLANG_WARN_DIRECT_OBJC_ISA_USAGE = YES_ERROR;
				CLANG_WARN_EMPTY_BODY = YES;
				CLANG_WARN_ENUM_CONVERSION = YES;
				CLANG_WARN_INT_CONVERSION = YES;
				CLANG_WARN_OBJC_ROOT_CLASS = YES_ERROR;
				CLANG_WARN__DUPLICATE_METHOD_MATCH = YES;
				"CODE_SIGN_IDENTITY[sdk=iphoneos*]" = "iPhone Developer";
				COPY_PHASE_STRIP = YES;
				ENABLE_NS_ASSERTIONS = NO;
				GCC_C_LANGUAGE_STANDARD = gnu99;
				GCC_WARN_64_TO_32_BIT_CONVERSION = YES;
				GCC_WARN_ABOUT_RETURN_TYPE = YES_ERROR;
				GCC_WARN_UNDECLARED_SELECTOR = YES;
				GCC_WARN_UNINITIALIZED_AUTOS = YES;
				GCC_WARN_UNUSED_FUNCTION = YES;
				GCC_WARN_UNUSED_VARIABLE = YES;
				IPHONEOS_DEPLOYMENT_TARGET = 7.0;
				SDKROOT = iphoneos;
				VALIDATE_PRODUCT = YES;
			};
			name = Release;
		};
		906BEBA0189C8394002D27DA /* Debug */ = {
			isa = XCBuildConfiguration;
			buildSettings = {
				ASSETCATALOG_COMPILER_APPICON_NAME = AppIcon;
				ASSETCATALOG_COMPILER_LAUNCHIMAGE_NAME = LaunchImage;
				GCC_PRECOMPILE_PREFIX_HEADER = YES;
				GCC_PREFIX_HEADER = "PocketRocket/Pocket Rocket-Prefix.pch";
				INFOPLIST_FILE = "PocketRocket/Pocket Rocket-Info.plist";
				PRODUCT_NAME = "Rocket!";
				WRAPPER_EXTENSION = app;
			};
			name = Debug;
		};
		906BEBA1189C8394002D27DA /* Release */ = {
			isa = XCBuildConfiguration;
			buildSettings = {
				ASSETCATALOG_COMPILER_APPICON_NAME = AppIcon;
				ASSETCATALOG_COMPILER_LAUNCHIMAGE_NAME = LaunchImage;
				GCC_PRECOMPILE_PREFIX_HEADER = YES;
				GCC_PREFIX_HEADER = "PocketRocket/Pocket Rocket-Prefix.pch";
				INFOPLIST_FILE = "PocketRocket/Pocket Rocket-Info.plist";
				PRODUCT_NAME = "Rocket!";
				WRAPPER_EXTENSION = app;
			};
			name = Release;
		};
/* End XCBuildConfiguration section */

/* Begin XCConfigurationList section */
		906BEB68189C8394002D27DA /* Build configuration list for PBXProject "Pocket Rocket" */ = {
			isa = XCConfigurationList;
			buildConfigurations = (
				906BEB9D189C8394002D27DA /* Debug */,
				906BEB9E189C8394002D27DA /* Release */,
			);
			defaultConfigurationIsVisible = 0;
			defaultConfigurationName = Release;
		};
		906BEB9F189C8394002D27DA /* Build configuration list for PBXNativeTarget "Pocket Rocket" */ = {
			isa = XCConfigurationList;
			buildConfigurations = (
				906BEBA0189C8394002D27DA /* Debug */,
				906BEBA1189C8394002D27DA /* Release */,
			);
			defaultConfigurationIsVisible = 0;
			defaultConfigurationName = Release;
		};
/* End XCConfigurationList section */
	};
	rootObject = 906BEB65189C8394002D27DA /* Project object */;
}
